
Microsoft Visual Studio Solution File, Format Version 12.00
# Visual Studio 2012
Project("{FAE04EC0-301F-11D3-BF4B-00C04F79EFBC}") = "Server for Medtest", "Server for Medtest\Server for Medtest.csproj", "{74E5E9B6-E8CB-4C40-8A09-F6E469A91DA1}"
EndProject
Global
	GlobalSection(SolutionConfigurationPlatforms) = preSolution
		Debug|Any CPU = Debug|Any CPU
		Release|Any CPU = Release|Any CPU
	EndGlobalSection
	GlobalSection(ProjectConfigurationPlatforms) = postSolution
		{74E5E9B6-E8CB-4C40-8A09-F6E469A91DA1}.Debug|Any CPU.ActiveCfg = Debug|Any CPU
		{74E5E9B6-E8CB-4C40-8A09-F6E469A91DA1}.Debug|Any CPU.Build.0 = Debug|Any CPU
		{74E5E9B6-E8CB-4C40-8A09-F6E469A91DA1}.Release|Any CPU.ActiveCfg = Release|Any CPU
		{74E5E9B6-E8CB-4C40-8A09-F6E469A91DA1}.Release|Any CPU.Build.0 = Release|Any CPU
	EndGlobalSection
	GlobalSection(SolutionProperties) = preSolution
		HideSolutionNode = FALSE
	EndGlobalSection
EndGlobal
